// !$*UTF8*$!
{
	archiveVersion = 1;
	classes = {
	};
	objectVersion = 55;
	objects = {

/* Begin PBXBuildFile section */
		E2520E7427339612005F4677 /* iOSEncrypt.docc in Sources */ = {isa = PBXBuildFile; fileRef = E2520E7327339612005F4677 /* iOSEncrypt.docc */; };
		E2520E7A27339612005F4677 /* iOSEncrypt.framework in Frameworks */ = {isa = PBXBuildFile; fileRef = E2520E6F27339612005F4677 /* iOSEncrypt.framework */; };
		E2520E7F27339612005F4677 /* iOSEncryptTests.swift in Sources */ = {isa = PBXBuildFile; fileRef = E2520E7E27339612005F4677 /* iOSEncryptTests.swift */; };
		E2520E8027339612005F4677 /* iOSEncrypt.h in Headers */ = {isa = PBXBuildFile; fileRef = E2520E7227339612005F4677 /* iOSEncrypt.h */; settings = {ATTRIBUTES = (Public, ); }; };
		E2520E8A2733967B005F4677 /* iOSEncrypt.swift in Sources */ = {isa = PBXBuildFile; fileRef = E2520E892733967B005F4677 /* iOSEncrypt.swift */; };
		E2520E8C2733A6FB005F4677 /* ChatRoomKeys.swift in Sources */ = {isa = PBXBuildFile; fileRef = E2520E8B2733A6FB005F4677 /* ChatRoomKeys.swift */; };
		E2520E9027346A52005F4677 /* AES.swift in Sources */ = {isa = PBXBuildFile; fileRef = E2520E8F27346A52005F4677 /* AES.swift */; };
/* End PBXBuildFile section */

/* Begin PBXContainerItemProxy section */
		E2520E7B27339612005F4677 /* PBXContainerItemProxy */ = {
			isa = PBXContainerItemProxy;
			containerPortal = E2520E6627339612005F4677 /* Project object */;
			proxyType = 1;
			remoteGlobalIDString = E2520E6E27339612005F4677;
			remoteInfo = iOSEncrypt;
		};
/* End PBXContainerItemProxy section */

/* Begin PBXFileReference section */
		E2520E6F27339612005F4677 /* iOSEncrypt.framework */ = {isa = PBXFileReference; explicitFileType = wrapper.framework; includeInIndex = 0; path = iOSEncrypt.framework; sourceTree = BUILT_PRODUCTS_DIR; };
		E2520E7227339612005F4677 /* iOSEncrypt.h */ = {isa = PBXFileReference; lastKnownFileType = sourcecode.c.h; path = iOSEncrypt.h; sourceTree = "<group>"; };
		E2520E7327339612005F4677 /* iOSEncrypt.docc */ = {isa = PBXFileReference; lastKnownFileType = folder.documentationcatalog; path = iOSEncrypt.docc; sourceTree = "<group>"; };
		E2520E7927339612005F4677 /* iOSEncryptTests.xctest */ = {isa = PBXFileReference; explicitFileType = wrapper.cfbundle; includeInIndex = 0; path = iOSEncryptTests.xctest; sourceTree = BUILT_PRODUCTS_DIR; };
		E2520E7E27339612005F4677 /* iOSEncryptTests.swift */ = {isa = PBXFileReference; lastKnownFileType = sourcecode.swift; path = iOSEncryptTests.swift; sourceTree = "<group>"; };
		E2520E892733967B005F4677 /* iOSEncrypt.swift */ = {isa = PBXFileReference; lastKnownFileType = sourcecode.swift; path = iOSEncrypt.swift; sourceTree = "<group>"; };
		E2520E8B2733A6FB005F4677 /* ChatRoomKeys.swift */ = {isa = PBXFileReference; lastKnownFileType = sourcecode.swift; path = ChatRoomKeys.swift; sourceTree = "<group>"; };
		E2520E8F27346A52005F4677 /* AES.swift */ = {isa = PBXFileReference; lastKnownFileType = sourcecode.swift; path = AES.swift; sourceTree = "<group>"; };
/* End PBXFileReference section */

/* Begin PBXFrameworksBuildPhase section */
		E2520E6C27339612005F4677 /* Frameworks */ = {
			isa = PBXFrameworksBuildPhase;
			buildActionMask = 2147483647;
			files = (
			);
			runOnlyForDeploymentPostprocessing = 0;
		};
		E2520E7627339612005F4677 /* Frameworks */ = {
			isa = PBXFrameworksBuildPhase;
			buildActionMask = 2147483647;
			files = (
				E2520E7A27339612005F4677 /* iOSEncrypt.framework in Frameworks */,
			);
			runOnlyForDeploymentPostprocessing = 0;
		};
/* End PBXFrameworksBuildPhase section */

/* Begin PBXGroup section */
		E2520E6527339612005F4677 = {
			isa = PBXGroup;
			children = (
				E2520E7127339612005F4677 /* iOSEncrypt */,
				E2520E7D27339612005F4677 /* iOSEncryptTests */,
				E2520E7027339612005F4677 /* Products */,
			);
			sourceTree = "<group>";
		};
		E2520E7027339612005F4677 /* Products */ = {
			isa = PBXGroup;
			children = (
				E2520E6F27339612005F4677 /* iOSEncrypt.framework */,
				E2520E7927339612005F4677 /* iOSEncryptTests.xctest */,
			);
			name = Products;
			sourceTree = "<group>";
		};
		E2520E7127339612005F4677 /* iOSEncrypt */ = {
			isa = PBXGroup;
			children = (
				E2520E7227339612005F4677 /* iOSEncrypt.h */,
				E2520E7327339612005F4677 /* iOSEncrypt.docc */,
				E2520E892733967B005F4677 /* iOSEncrypt.swift */,
				E2520E8B2733A6FB005F4677 /* ChatRoomKeys.swift */,
				E2520E8F27346A52005F4677 /* AES.swift */,
			);
			path = iOSEncrypt;
			sourceTree = "<group>";
		};
		E2520E7D27339612005F4677 /* iOSEncryptTests */ = {
			isa = PBXGroup;
			children = (
				E2520E7E27339612005F4677 /* iOSEncryptTests.swift */,
			);
			path = iOSEncryptTests;
			sourceTree = "<group>";
		};
/* End PBXGroup section */

/* Begin PBXHeadersBuildPhase section */
		E2520E6A27339612005F4677 /* Headers */ = {
			isa = PBXHeadersBuildPhase;
			buildActionMask = 2147483647;
			files = (
				E2520E8027339612005F4677 /* iOSEncrypt.h in Headers */,
			);
			runOnlyForDeploymentPostprocessing = 0;
		};
/* End PBXHeadersBuildPhase section */

/* Begin PBXNativeTarget section */
		E2520E6E27339612005F4677 /* iOSEncrypt */ = {
			isa = PBXNativeTarget;
			buildConfigurationList = E2520E8327339612005F4677 /* Build configuration list for PBXNativeTarget "iOSEncrypt" */;
			buildPhases = (
				E2520E6A27339612005F4677 /* Headers */,
				E2520E6B27339612005F4677 /* Sources */,
				E2520E6C27339612005F4677 /* Frameworks */,
				E2520E6D27339612005F4677 /* Resources */,
				E2520E8E27346681005F4677 /* SwiftFormat */,
				E2520E8D27345EFC005F4677 /* SwiftLint */,
			);
			buildRules = (
			);
			dependencies = (
			);
			name = iOSEncrypt;
			productName = iOSEncrypt;
			productReference = E2520E6F27339612005F4677 /* iOSEncrypt.framework */;
			productType = "com.apple.product-type.framework";
		};
		E2520E7827339612005F4677 /* iOSEncryptTests */ = {
			isa = PBXNativeTarget;
			buildConfigurationList = E2520E8627339612005F4677 /* Build configuration list for PBXNativeTarget "iOSEncryptTests" */;
			buildPhases = (
				E2520E7527339612005F4677 /* Sources */,
				E2520E7627339612005F4677 /* Frameworks */,
				E2520E7727339612005F4677 /* Resources */,
			);
			buildRules = (
			);
			dependencies = (
				E2520E7C27339612005F4677 /* PBXTargetDependency */,
			);
			name = iOSEncryptTests;
			productName = iOSEncryptTests;
			productReference = E2520E7927339612005F4677 /* iOSEncryptTests.xctest */;
			productType = "com.apple.product-type.bundle.unit-test";
		};
/* End PBXNativeTarget section */

/* Begin PBXProject section */
		E2520E6627339612005F4677 /* Project object */ = {
			isa = PBXProject;
			attributes = {
				BuildIndependentTargetsInParallel = 1;
				LastSwiftUpdateCheck = 1310;
				LastUpgradeCheck = 1310;
				TargetAttributes = {
					E2520E6E27339612005F4677 = {
						CreatedOnToolsVersion = 13.1;
					};
					E2520E7827339612005F4677 = {
						CreatedOnToolsVersion = 13.1;
					};
				};
			};
			buildConfigurationList = E2520E6927339612005F4677 /* Build configuration list for PBXProject "iOSEncrypt" */;
			compatibilityVersion = "Xcode 13.0";
			developmentRegion = en;
			hasScannedForEncodings = 0;
			knownRegions = (
				en,
				Base,
			);
			mainGroup = E2520E6527339612005F4677;
			productRefGroup = E2520E7027339612005F4677 /* Products */;
			projectDirPath = "";
			projectRoot = "";
			targets = (
				E2520E6E27339612005F4677 /* iOSEncrypt */,
				E2520E7827339612005F4677 /* iOSEncryptTests */,
			);
		};
/* End PBXProject section */

/* Begin PBXResourcesBuildPhase section */
		E2520E6D27339612005F4677 /* Resources */ = {
			isa = PBXResourcesBuildPhase;
			buildActionMask = 2147483647;
			files = (
			);
			runOnlyForDeploymentPostprocessing = 0;
		};
		E2520E7727339612005F4677 /* Resources */ = {
			isa = PBXResourcesBuildPhase;
			buildActionMask = 2147483647;
			files = (
			);
			runOnlyForDeploymentPostprocessing = 0;
		};
/* End PBXResourcesBuildPhase section */

/* Begin PBXShellScriptBuildPhase section */
		E2520E8D27345EFC005F4677 /* SwiftLint */ = {
			isa = PBXShellScriptBuildPhase;
			buildActionMask = 2147483647;
			files = (
			);
			inputFileListPaths = (
			);
			inputPaths = (
			);
			name = SwiftLint;
			outputFileListPaths = (
			);
			outputPaths = (
			);
			runOnlyForDeploymentPostprocessing = 0;
			shellPath = /bin/sh;
			shellScript = "if which swiftlint >/dev/null; then\n  swiftlint autocorrect && swiftlint\nelse\n  echo \"warning: SwiftLint not installed, download from https://github.com/realm/SwiftLint\"\nfi\n";
		};
		E2520E8E27346681005F4677 /* SwiftFormat */ = {
			isa = PBXShellScriptBuildPhase;
			buildActionMask = 2147483647;
			files = (
			);
			inputFileListPaths = (
			);
			inputPaths = (
			);
			name = SwiftFormat;
			outputFileListPaths = (
			);
			outputPaths = (
			);
			runOnlyForDeploymentPostprocessing = 0;
			shellPath = /bin/sh;
			shellScript = "if which swift-format >/dev/null; then\n    swift-format -m format -i -r ${PROJECT_DIR}\nelse\n    echo \"warning: swift-format not installed\"\nfi\n";
		};
/* End PBXShellScriptBuildPhase section */

/* Begin PBXSourcesBuildPhase section */
		E2520E6B27339612005F4677 /* Sources */ = {
			isa = PBXSourcesBuildPhase;
			buildActionMask = 2147483647;
			files = (
				E2520E7427339612005F4677 /* iOSEncrypt.docc in Sources */,
				E2520E9027346A52005F4677 /* AES.swift in Sources */,
				E2520E8C2733A6FB005F4677 /* ChatRoomKeys.swift in Sources */,
				E2520E8A2733967B005F4677 /* iOSEncrypt.swift in Sources */,
			);
			runOnlyForDeploymentPostprocessing = 0;
		};
		E2520E7527339612005F4677 /* Sources */ = {
			isa = PBXSourcesBuildPhase;
			buildActionMask = 2147483647;
			files = (
				E2520E7F27339612005F4677 /* iOSEncryptTests.swift in Sources */,
			);
			runOnlyForDeploymentPostprocessing = 0;
		};
/* End PBXSourcesBuildPhase section */

/* Begin PBXTargetDependency section */
		E2520E7C27339612005F4677 /* PBXTargetDependency */ = {
			isa = PBXTargetDependency;
			target = E2520E6E27339612005F4677 /* iOSEncrypt */;
			targetProxy = E2520E7B27339612005F4677 /* PBXContainerItemProxy */;
		};
/* End PBXTargetDependency section */

/* Begin XCBuildConfiguration section */
		E2520E8127339612005F4677 /* Debug */ = {
			isa = XCBuildConfiguration;
			buildSettings = {
				ALWAYS_SEARCH_USER_PATHS = NO;
				CLANG_ANALYZER_NONNULL = YES;
				CLANG_ANALYZER_NUMBER_OBJECT_CONVERSION = YES_AGGRESSIVE;
				CLANG_CXX_LANGUAGE_STANDARD = "gnu++17";
				CLANG_CXX_LIBRARY = "libc++";
				CLANG_ENABLE_MODULES = YES;
				CLANG_ENABLE_OBJC_ARC = YES;
				CLANG_ENABLE_OBJC_WEAK = YES;
				CLANG_WARN_BLOCK_CAPTURE_AUTORELEASING = YES;
				CLANG_WARN_BOOL_CONVERSION = YES;
				CLANG_WARN_COMMA = YES;
				CLANG_WARN_CONSTANT_CONVERSION = YES;
				CLANG_WARN_DEPRECATED_OBJC_IMPLEMENTATIONS = YES;
				CLANG_WARN_DIRECT_OBJC_ISA_USAGE = YES_ERROR;
				CLANG_WARN_DOCUMENTATION_COMMENTS = YES;
				CLANG_WARN_EMPTY_BODY = YES;
				CLANG_WARN_ENUM_CONVERSION = YES;
				CLANG_WARN_INFINITE_RECURSION = YES;
				CLANG_WARN_INT_CONVERSION = YES;
				CLANG_WARN_NON_LITERAL_NULL_CONVERSION = YES;
				CLANG_WARN_OBJC_IMPLICIT_RETAIN_SELF = YES;
				CLANG_WARN_OBJC_LITERAL_CONVERSION = YES;
				CLANG_WARN_OBJC_ROOT_CLASS = YES_ERROR;
				CLANG_WARN_QUOTED_INCLUDE_IN_FRAMEWORK_HEADER = YES;
				CLANG_WARN_RANGE_LOOP_ANALYSIS = YES;
				CLANG_WARN_STRICT_PROTOTYPES = YES;
				CLANG_WARN_SUSPICIOUS_MOVE = YES;
				CLANG_WARN_UNGUARDED_AVAILABILITY = YES_AGGRESSIVE;
				CLANG_WARN_UNREACHABLE_CODE = YES;
				CLANG_WARN__DUPLICATE_METHOD_MATCH = YES;
				COPY_PHASE_STRIP = NO;
				CURRENT_PROJECT_VERSION = 1;
				DEBUG_INFORMATION_FORMAT = dwarf;
				ENABLE_STRICT_OBJC_MSGSEND = YES;
				ENABLE_TESTABILITY = YES;
				GCC_C_LANGUAGE_STANDARD = gnu11;
				GCC_DYNAMIC_NO_PIC = NO;
				GCC_NO_COMMON_BLOCKS = YES;
				GCC_OPTIMIZATION_LEVEL = 0;
				GCC_PREPROCESSOR_DEFINITIONS = (
					"DEBUG=1",
					"$(inherited)",
				);
				GCC_WARN_64_TO_32_BIT_CONVERSION = YES;
				GCC_WARN_ABOUT_RETURN_TYPE = YES_ERROR;
				GCC_WARN_UNDECLARED_SELECTOR = YES;
				GCC_WARN_UNINITIALIZED_AUTOS = YES_AGGRESSIVE;
				GCC_WARN_UNUSED_FUNCTION = YES;
				GCC_WARN_UNUSED_VARIABLE = YES;
				IPHONEOS_DEPLOYMENT_TARGET = 15.0;
				MTL_ENABLE_DEBUG_INFO = INCLUDE_SOURCE;
				MTL_FAST_MATH = YES;
				ONLY_ACTIVE_ARCH = YES;
				SDKROOT = iphoneos;
				SWIFT_ACTIVE_COMPILATION_CONDITIONS = DEBUG;
				SWIFT_OPTIMIZATION_LEVEL = "-Onone";
				VERSIONING_SYSTEM = "apple-generic";
				VERSION_INFO_PREFIX = "";
			};
			name = Debug;
		};
		E2520E8227339612005F4677 /* Release */ = {
			isa = XCBuildConfiguration;
			buildSettings = {
				ALWAYS_SEARCH_USER_PATHS = NO;
				CLANG_ANALYZER_NONNULL = YES;
				CLANG_ANALYZER_NUMBER_OBJECT_CONVERSION = YES_AGGRESSIVE;
				CLANG_CXX_LANGUAGE_STANDARD = "gnu++17";
				CLANG_CXX_LIBRARY = "libc++";
				CLANG_ENABLE_MODULES = YES;
				CLANG_ENABLE_OBJC_ARC = YES;
				CLANG_ENABLE_OBJC_WEAK = YES;
				CLANG_WARN_BLOCK_CAPTURE_AUTORELEASING = YES;
				CLANG_WARN_BOOL_CONVERSION = YES;
				CLANG_WARN_COMMA = YES;
				CLANG_WARN_CONSTANT_CONVERSION = YES;
				CLANG_WARN_DEPRECATED_OBJC_IMPLEMENTATIONS = YES;
				CLANG_WARN_DIRECT_OBJC_ISA_USAGE = YES_ERROR;
				CLANG_WARN_DOCUMENTATION_COMMENTS = YES;
				CLANG_WARN_EMPTY_BODY = YES;
				CLANG_WARN_ENUM_CONVERSION = YES;
				CLANG_WARN_INFINITE_RECURSION = YES;
				CLANG_WARN_INT_CONVERSION = YES;
				CLANG_WARN_NON_LITERAL_NULL_CONVERSION = YES;
				CLANG_WARN_OBJC_IMPLICIT_RETAIN_SELF = YES;
				CLANG_WARN_OBJC_LITERAL_CONVERSION = YES;
				CLANG_WARN_OBJC_ROOT_CLASS = YES_ERROR;
				CLANG_WARN_QUOTED_INCLUDE_IN_FRAMEWORK_HEADER = YES;
				CLANG_WARN_RANGE_LOOP_ANALYSIS = YES;
				CLANG_WARN_STRICT_PROTOTYPES = YES;
				CLANG_WARN_SUSPICIOUS_MOVE = YES;
				CLANG_WARN_UNGUARDED_AVAILABILITY = YES_AGGRESSIVE;
				CLANG_WARN_UNREACHABLE_CODE = YES;
				CLANG_WARN__DUPLICATE_METHOD_MATCH = YES;
				COPY_PHASE_STRIP = NO;
				CURRENT_PROJECT_VERSION = 1;
				DEBUG_INFORMATION_FORMAT = "dwarf-with-dsym";
				ENABLE_NS_ASSERTIONS = NO;
				ENABLE_STRICT_OBJC_MSGSEND = YES;
				GCC_C_LANGUAGE_STANDARD = gnu11;
				GCC_NO_COMMON_BLOCKS = YES;
				GCC_WARN_64_TO_32_BIT_CONVERSION = YES;
				GCC_WARN_ABOUT_RETURN_TYPE = YES_ERROR;
				GCC_WARN_UNDECLARED_SELECTOR = YES;
				GCC_WARN_UNINITIALIZED_AUTOS = YES_AGGRESSIVE;
				GCC_WARN_UNUSED_FUNCTION = YES;
				GCC_WARN_UNUSED_VARIABLE = YES;
				IPHONEOS_DEPLOYMENT_TARGET = 15.0;
				MTL_ENABLE_DEBUG_INFO = NO;
				MTL_FAST_MATH = YES;
				SDKROOT = iphoneos;
				SWIFT_COMPILATION_MODE = wholemodule;
				SWIFT_OPTIMIZATION_LEVEL = "-O";
				VALIDATE_PRODUCT = YES;
				VERSIONING_SYSTEM = "apple-generic";
				VERSION_INFO_PREFIX = "";
			};
			name = Release;
		};
		E2520E8427339612005F4677 /* Debug */ = {
			isa = XCBuildConfiguration;
			buildSettings = {
				CODE_SIGN_STYLE = Automatic;
				CURRENT_PROJECT_VERSION = 1;
				DEFINES_MODULE = YES;
				DEVELOPMENT_TEAM = W862DC2K44;
				DYLIB_COMPATIBILITY_VERSION = 1;
				DYLIB_CURRENT_VERSION = 1;
				DYLIB_INSTALL_NAME_BASE = "@rpath";
				GENERATE_INFOPLIST_FILE = YES;
				INFOPLIST_KEY_NSHumanReadableCopyright = "";
				INSTALL_PATH = "$(LOCAL_LIBRARY_DIR)/Frameworks";
				LD_RUNPATH_SEARCH_PATHS = (
					"$(inherited)",
					"@executable_path/Frameworks",
					"@loader_path/Frameworks",
				);
				MARKETING_VERSION = 1.0;
				PRODUCT_BUNDLE_IDENTIFIER = com.yuhan.iOSEncrypt;
				PRODUCT_NAME = "$(TARGET_NAME:c99extidentifier)";
				SKIP_INSTALL = YES;
				SWIFT_EMIT_LOC_STRINGS = YES;
				SWIFT_VERSION = 5.0;
				TARGETED_DEVICE_FAMILY = "1,2";
			};
			name = Debug;
		};
		E2520E8527339612005F4677 /* Release */ = {
			isa = XCBuildConfiguration;
			buildSettings = {
				CODE_SIGN_STYLE = Automatic;
				CURRENT_PROJECT_VERSION = 1;
				DEFINES_MODULE = YES;
				DEVELOPMENT_TEAM = W862DC2K44;
				DYLIB_COMPATIBILITY_VERSION = 1;
				DYLIB_CURRENT_VERSION = 1;
				DYLIB_INSTALL_NAME_BASE = "@rpath";
				GENERATE_INFOPLIST_FILE = YES;
				INFOPLIST_KEY_NSHumanReadableCopyright = "";
				INSTALL_PATH = "$(LOCAL_LIBRARY_DIR)/Frameworks";
				LD_RUNPATH_SEARCH_PATHS = (
					"$(inherited)",
					"@executable_path/Frameworks",
					"@loader_path/Frameworks",
				);
				MARKETING_VERSION = 1.0;
				PRODUCT_BUNDLE_IDENTIFIER = com.yuhan.iOSEncrypt;
				PRODUCT_NAME = "$(TARGET_NAME:c99extidentifier)";
				SKIP_INSTALL = YES;
				SWIFT_EMIT_LOC_STRINGS = YES;
				SWIFT_VERSION = 5.0;
				TARGETED_DEVICE_FAMILY = "1,2";
			};
			name = Release;
		};
		E2520E8727339612005F4677 /* Debug */ = {
			isa = XCBuildConfiguration;
			buildSettings = {
				ALWAYS_EMBED_SWIFT_STANDARD_LIBRARIES = YES;
				CODE_SIGN_STYLE = Automatic;
				CURRENT_PROJECT_VERSION = 1;
				DEVELOPMENT_TEAM = W862DC2K44;
				GENERATE_INFOPLIST_FILE = YES;
				LD_RUNPATH_SEARCH_PATHS = (
					"$(inherited)",
					"@executable_path/Frameworks",
					"@loader_path/Frameworks",
				);
				MARKETING_VERSION = 1.0;
				PRODUCT_BUNDLE_IDENTIFIER = com.yuhan.iOSEncryptTests;
				PRODUCT_NAME = "$(TARGET_NAME)";
				SWIFT_EMIT_LOC_STRINGS = NO;
				SWIFT_VERSION = 5.0;
				TARGETED_DEVICE_FAMILY = "1,2";
			};
			name = Debug;
		};
		E2520E8827339612005F4677 /* Release */ = {
			isa = XCBuildConfiguration;
			buildSettings = {
				ALWAYS_EMBED_SWIFT_STANDARD_LIBRARIES = YES;
				CODE_SIGN_STYLE = Automatic;
				CURRENT_PROJECT_VERSION = 1;
				DEVELOPMENT_TEAM = W862DC2K44;
				GENERATE_INFOPLIST_FILE = YES;
				LD_RUNPATH_SEARCH_PATHS = (
					"$(inherited)",
					"@executable_path/Frameworks",
					"@loader_path/Frameworks",
				);
				MARKETING_VERSION = 1.0;
				PRODUCT_BUNDLE_IDENTIFIER = com.yuhan.iOSEncryptTests;
				PRODUCT_NAME = "$(TARGET_NAME)";
				SWIFT_EMIT_LOC_STRINGS = NO;
				SWIFT_VERSION = 5.0;
				TARGETED_DEVICE_FAMILY = "1,2";
			};
			name = Release;
		};
/* End XCBuildConfiguration section */

/* Begin XCConfigurationList section */
		E2520E6927339612005F4677 /* Build configuration list for PBXProject "iOSEncrypt" */ = {
			isa = XCConfigurationList;
			buildConfigurations = (
				E2520E8127339612005F4677 /* Debug */,
				E2520E8227339612005F4677 /* Release */,
			);
			defaultConfigurationIsVisible = 0;
			defaultConfigurationName = Release;
		};
		E2520E8327339612005F4677 /* Build configuration list for PBXNativeTarget "iOSEncrypt" */ = {
			isa = XCConfigurationList;
			buildConfigurations = (
				E2520E8427339612005F4677 /* Debug */,
				E2520E8527339612005F4677 /* Release */,
			);
			defaultConfigurationIsVisible = 0;
			defaultConfigurationName = Release;
		};
		E2520E8627339612005F4677 /* Build configuration list for PBXNativeTarget "iOSEncryptTests" */ = {
			isa = XCConfigurationList;
			buildConfigurations = (
				E2520E8727339612005F4677 /* Debug */,
				E2520E8827339612005F4677 /* Release */,
			);
			defaultConfigurationIsVisible = 0;
			defaultConfigurationName = Release;
		};
/* End XCConfigurationList section */
	};
	rootObject = E2520E6627339612005F4677 /* Project object */;
}
